
Microsoft Visual Studio Solution File, Format Version 12.00
# Visual Studio Version 17
VisualStudioVersion = 17.13.35828.75 d17.13
MinimumVisualStudioVersion = 10.0.40219.1
Project("{FAE04EC0-301F-11D3-BF4B-00C04F79EFBC}") = "HastaneRandevuOtomasyonu", "HastaneRandevuOtomasyonu.csproj", "{02E44566-59C3-467A-9A02-E5D4C9701AA5}"
EndProject
Global
	GlobalSection(SolutionConfigurationPlatforms) = preSolution
		Debug|Any CPU = Debug|Any CPU
		Release|Any CPU = Release|Any CPU
	EndGlobalSection
	GlobalSection(ProjectConfigurationPlatforms) = postSolution
		{02E44566-59C3-467A-9A02-E5D4C9701AA5}.Debug|Any CPU.ActiveCfg = Debug|Any CPU
		{02E44566-59C3-467A-9A02-E5D4C9701AA5}.Debug|Any CPU.Build.0 = Debug|Any CPU
		{02E44566-59C3-467A-9A02-E5D4C9701AA5}.Release|Any CPU.ActiveCfg = Release|Any CPU
		{02E44566-59C3-467A-9A02-E5D4C9701AA5}.Release|Any CPU.Build.0 = Release|Any CPU
	EndGlobalSection
	GlobalSection(SolutionProperties) = preSolution
		HideSolutionNode = FALSE
	EndGlobalSection
	GlobalSection(ExtensibilityGlobals) = postSolution
		SolutionGuid = {874593EE-E5FA-46CB-A0F4-52AA40EF898C}
	EndGlobalSection
EndGlobal
